
Microsoft Visual Studio Solution File, Format Version 12.00
# Visual Studio 14
VisualStudioVersion = 14.0.22823.1
MinimumVisualStudioVersion = 10.0.40219.1
Project("{FAE04EC0-301F-11D3-BF4B-00C04F79EFBC}") = "Model", "Model\Model.csproj", "{C502ED7B-71C6-4BBB-AC01-F5DAA9DF8E52}"
EndProject
Project("{FAE04EC0-301F-11D3-BF4B-00C04F79EFBC}") = "Client", "Client\Client.csproj", "{190CCD13-40B4-4E1D-A347-7C3D9A9DE6AB}"
EndProject
Project("{2150E333-8FDC-42A3-9474-1A3956D46DE8}") = "Solution Items", "Solution Items", "{B2B06C5B-5D44-44C2-B36A-BC110D186684}"
	ProjectSection(SolutionItems) = preProject
		.gitignore = .gitignore
		README.md = README.md
	EndProjectSection
EndProject
Project("{FAE04EC0-301F-11D3-BF4B-00C04F79EFBC}") = "BasicWebApi", "BasicWebApi\BasicWebApi.csproj", "{E3E409C4-EAFE-4BC0-828D-6DE86FC55512}"
EndProject
Project("{FAE04EC0-301F-11D3-BF4B-00C04F79EFBC}") = "WebApi", "WebApi\WebApi.csproj", "{BF97DE0C-15C1-437B-8E0F-184D8D13990B}"
EndProject
Global
	GlobalSection(SolutionConfigurationPlatforms) = preSolution
		Debug|Any CPU = Debug|Any CPU
		Release|Any CPU = Release|Any CPU
	EndGlobalSection
	GlobalSection(ProjectConfigurationPlatforms) = postSolution
		{C502ED7B-71C6-4BBB-AC01-F5DAA9DF8E52}.Debug|Any CPU.ActiveCfg = Debug|Any CPU
		{C502ED7B-71C6-4BBB-AC01-F5DAA9DF8E52}.Debug|Any CPU.Build.0 = Debug|Any CPU
		{C502ED7B-71C6-4BBB-AC01-F5DAA9DF8E52}.Release|Any CPU.ActiveCfg = Release|Any CPU
		{C502ED7B-71C6-4BBB-AC01-F5DAA9DF8E52}.Release|Any CPU.Build.0 = Release|Any CPU
		{190CCD13-40B4-4E1D-A347-7C3D9A9DE6AB}.Debug|Any CPU.ActiveCfg = Debug|Any CPU
		{190CCD13-40B4-4E1D-A347-7C3D9A9DE6AB}.Release|Any CPU.ActiveCfg = Release|Any CPU
		{190CCD13-40B4-4E1D-A347-7C3D9A9DE6AB}.Release|Any CPU.Build.0 = Release|Any CPU
		{E3E409C4-EAFE-4BC0-828D-6DE86FC55512}.Debug|Any CPU.ActiveCfg = Debug|Any CPU
		{E3E409C4-EAFE-4BC0-828D-6DE86FC55512}.Debug|Any CPU.Build.0 = Debug|Any CPU
		{E3E409C4-EAFE-4BC0-828D-6DE86FC55512}.Release|Any CPU.ActiveCfg = Release|Any CPU
		{E3E409C4-EAFE-4BC0-828D-6DE86FC55512}.Release|Any CPU.Build.0 = Release|Any CPU
		{BF97DE0C-15C1-437B-8E0F-184D8D13990B}.Debug|Any CPU.ActiveCfg = Debug|Any CPU
		{BF97DE0C-15C1-437B-8E0F-184D8D13990B}.Debug|Any CPU.Build.0 = Debug|Any CPU
		{BF97DE0C-15C1-437B-8E0F-184D8D13990B}.Release|Any CPU.ActiveCfg = Release|Any CPU
		{BF97DE0C-15C1-437B-8E0F-184D8D13990B}.Release|Any CPU.Build.0 = Release|Any CPU
	EndGlobalSection
	GlobalSection(SolutionProperties) = preSolution
		HideSolutionNode = FALSE
	EndGlobalSection
EndGlobal
